// !$*UTF8*$!
{
	archiveVersion = 1;
	classes = {
	};
	objectVersion = 50;
	objects = {

/* Begin PBXBuildFile section */
		D824D598217CB7E5004ECDE9 /* AppDelegate.swift in Sources */ = {isa = PBXBuildFile; fileRef = D824D597217CB7E5004ECDE9 /* AppDelegate.swift */; };
		D824D59A217CB7E5004ECDE9 /* ViewController.swift in Sources */ = {isa = PBXBuildFile; fileRef = D824D599217CB7E5004ECDE9 /* ViewController.swift */; };
		D824D59D217CB7E5004ECDE9 /* Main.storyboard in Resources */ = {isa = PBXBuildFile; fileRef = D824D59B217CB7E5004ECDE9 /* Main.storyboard */; };
		D824D59F217CB7E7004ECDE9 /* Assets.xcassets in Resources */ = {isa = PBXBuildFile; fileRef = D824D59E217CB7E7004ECDE9 /* Assets.xcassets */; };
		D824D5A2217CB7E7004ECDE9 /* LaunchScreen.storyboard in Resources */ = {isa = PBXBuildFile; fileRef = D824D5A0217CB7E7004ECDE9 /* LaunchScreen.storyboard */; };
		D824D5AD217CB7E7004ECDE9 /* loginFirebaseTests.swift in Sources */ = {isa = PBXBuildFile; fileRef = D824D5AC217CB7E7004ECDE9 /* loginFirebaseTests.swift */; };
		D824D5B8217CB7E7004ECDE9 /* loginFirebaseUITests.swift in Sources */ = {isa = PBXBuildFile; fileRef = D824D5B7217CB7E7004ECDE9 /* loginFirebaseUITests.swift */; };
/* End PBXBuildFile section */

/* Begin PBXContainerItemProxy section */
		D824D5A9217CB7E7004ECDE9 /* PBXContainerItemProxy */ = {
			isa = PBXContainerItemProxy;
			containerPortal = D824D58C217CB7E5004ECDE9 /* Project object */;
			proxyType = 1;
			remoteGlobalIDString = D824D593217CB7E5004ECDE9;
			remoteInfo = loginFirebase;
		};
		D824D5B4217CB7E7004ECDE9 /* PBXContainerItemProxy */ = {
			isa = PBXContainerItemProxy;
			containerPortal = D824D58C217CB7E5004ECDE9 /* Project object */;
			proxyType = 1;
			remoteGlobalIDString = D824D593217CB7E5004ECDE9;
			remoteInfo = loginFirebase;
		};
/* End PBXContainerItemProxy section */

/* Begin PBXFileReference section */
		D824D594217CB7E5004ECDE9 /* loginFirebase.app */ = {isa = PBXFileReference; explicitFileType = wrapper.application; includeInIndex = 0; path = loginFirebase.app; sourceTree = BUILT_PRODUCTS_DIR; };
		D824D597217CB7E5004ECDE9 /* AppDelegate.swift */ = {isa = PBXFileReference; lastKnownFileType = sourcecode.swift; path = AppDelegate.swift; sourceTree = "<group>"; };
		D824D599217CB7E5004ECDE9 /* ViewController.swift */ = {isa = PBXFileReference; lastKnownFileType = sourcecode.swift; path = ViewController.swift; sourceTree = "<group>"; };
		D824D59C217CB7E5004ECDE9 /* Base */ = {isa = PBXFileReference; lastKnownFileType = file.storyboard; name = Base; path = Base.lproj/Main.storyboard; sourceTree = "<group>"; };
		D824D59E217CB7E7004ECDE9 /* Assets.xcassets */ = {isa = PBXFileReference; lastKnownFileType = folder.assetcatalog; path = Assets.xcassets; sourceTree = "<group>"; };
		D824D5A1217CB7E7004ECDE9 /* Base */ = {isa = PBXFileReference; lastKnownFileType = file.storyboard; name = Base; path = Base.lproj/LaunchScreen.storyboard; sourceTree = "<group>"; };
		D824D5A3217CB7E7004ECDE9 /* Info.plist */ = {isa = PBXFileReference; lastKnownFileType = text.plist.xml; path = Info.plist; sourceTree = "<group>"; };
		D824D5A8217CB7E7004ECDE9 /* loginFirebaseTests.xctest */ = {isa = PBXFileReference; explicitFileType = wrapper.cfbundle; includeInIndex = 0; path = loginFirebaseTests.xctest; sourceTree = BUILT_PRODUCTS_DIR; };
		D824D5AC217CB7E7004ECDE9 /* loginFirebaseTests.swift */ = {isa = PBXFileReference; lastKnownFileType = sourcecode.swift; path = loginFirebaseTests.swift; sourceTree = "<group>"; };
		D824D5AE217CB7E7004ECDE9 /* Info.plist */ = {isa = PBXFileReference; lastKnownFileType = text.plist.xml; path = Info.plist; sourceTree = "<group>"; };
		D824D5B3217CB7E7004ECDE9 /* loginFirebaseUITests.xctest */ = {isa = PBXFileReference; explicitFileType = wrapper.cfbundle; includeInIndex = 0; path = loginFirebaseUITests.xctest; sourceTree = BUILT_PRODUCTS_DIR; };
		D824D5B7217CB7E7004ECDE9 /* loginFirebaseUITests.swift */ = {isa = PBXFileReference; lastKnownFileType = sourcecode.swift; path = loginFirebaseUITests.swift; sourceTree = "<group>"; };
		D824D5B9217CB7E7004ECDE9 /* Info.plist */ = {isa = PBXFileReference; lastKnownFileType = text.plist.xml; path = Info.plist; sourceTree = "<group>"; };
/* End PBXFileReference section */

/* Begin PBXFrameworksBuildPhase section */
		D824D591217CB7E5004ECDE9 /* Frameworks */ = {
			isa = PBXFrameworksBuildPhase;
			buildActionMask = 2147483647;
			files = (
			);
			runOnlyForDeploymentPostprocessing = 0;
		};
		D824D5A5217CB7E7004ECDE9 /* Frameworks */ = {
			isa = PBXFrameworksBuildPhase;
			buildActionMask = 2147483647;
			files = (
			);
			runOnlyForDeploymentPostprocessing = 0;
		};
		D824D5B0217CB7E7004ECDE9 /* Frameworks */ = {
			isa = PBXFrameworksBuildPhase;
			buildActionMask = 2147483647;
			files = (
			);
			runOnlyForDeploymentPostprocessing = 0;
		};
/* End PBXFrameworksBuildPhase section */

/* Begin PBXGroup section */
		D824D58B217CB7E5004ECDE9 = {
			isa = PBXGroup;
			children = (
				D824D596217CB7E5004ECDE9 /* loginFirebase */,
				D824D5AB217CB7E7004ECDE9 /* loginFirebaseTests */,
				D824D5B6217CB7E7004ECDE9 /* loginFirebaseUITests */,
				D824D595217CB7E5004ECDE9 /* Products */,
			);
			sourceTree = "<group>";
		};
		D824D595217CB7E5004ECDE9 /* Products */ = {
			isa = PBXGroup;
			children = (
				D824D594217CB7E5004ECDE9 /* loginFirebase.app */,
				D824D5A8217CB7E7004ECDE9 /* loginFirebaseTests.xctest */,
				D824D5B3217CB7E7004ECDE9 /* loginFirebaseUITests.xctest */,
			);
			name = Products;
			sourceTree = "<group>";
		};
		D824D596217CB7E5004ECDE9 /* loginFirebase */ = {
			isa = PBXGroup;
			children = (
				D824D597217CB7E5004ECDE9 /* AppDelegate.swift */,
				D824D599217CB7E5004ECDE9 /* ViewController.swift */,
				D824D59B217CB7E5004ECDE9 /* Main.storyboard */,
				D824D59E217CB7E7004ECDE9 /* Assets.xcassets */,
				D824D5A0217CB7E7004ECDE9 /* LaunchScreen.storyboard */,
				D824D5A3217CB7E7004ECDE9 /* Info.plist */,
			);
			path = loginFirebase;
			sourceTree = "<group>";
		};
		D824D5AB217CB7E7004ECDE9 /* loginFirebaseTests */ = {
			isa = PBXGroup;
			children = (
				D824D5AC217CB7E7004ECDE9 /* loginFirebaseTests.swift */,
				D824D5AE217CB7E7004ECDE9 /* Info.plist */,
			);
			path = loginFirebaseTests;
			sourceTree = "<group>";
		};
		D824D5B6217CB7E7004ECDE9 /* loginFirebaseUITests */ = {
			isa = PBXGroup;
			children = (
				D824D5B7217CB7E7004ECDE9 /* loginFirebaseUITests.swift */,
				D824D5B9217CB7E7004ECDE9 /* Info.plist */,
			);
			path = loginFirebaseUITests;
			sourceTree = "<group>";
		};
/* End PBXGroup section */

/* Begin PBXNativeTarget section */
		D824D593217CB7E5004ECDE9 /* loginFirebase */ = {
			isa = PBXNativeTarget;
			buildConfigurationList = D824D5BC217CB7E7004ECDE9 /* Build configuration list for PBXNativeTarget "loginFirebase" */;
			buildPhases = (
				D824D590217CB7E5004ECDE9 /* Sources */,
				D824D591217CB7E5004ECDE9 /* Frameworks */,
				D824D592217CB7E5004ECDE9 /* Resources */,
			);
			buildRules = (
			);
			dependencies = (
			);
			name = loginFirebase;
			productName = loginFirebase;
			productReference = D824D594217CB7E5004ECDE9 /* loginFirebase.app */;
			productType = "com.apple.product-type.application";
		};
		D824D5A7217CB7E7004ECDE9 /* loginFirebaseTests */ = {
			isa = PBXNativeTarget;
			buildConfigurationList = D824D5BF217CB7E7004ECDE9 /* Build configuration list for PBXNativeTarget "loginFirebaseTests" */;
			buildPhases = (
				D824D5A4217CB7E7004ECDE9 /* Sources */,
				D824D5A5217CB7E7004ECDE9 /* Frameworks */,
				D824D5A6217CB7E7004ECDE9 /* Resources */,
			);
			buildRules = (
			);
			dependencies = (
				D824D5AA217CB7E7004ECDE9 /* PBXTargetDependency */,
			);
			name = loginFirebaseTests;
			productName = loginFirebaseTests;
			productReference = D824D5A8217CB7E7004ECDE9 /* loginFirebaseTests.xctest */;
			productType = "com.apple.product-type.bundle.unit-test";
		};
		D824D5B2217CB7E7004ECDE9 /* loginFirebaseUITests */ = {
			isa = PBXNativeTarget;
			buildConfigurationList = D824D5C2217CB7E7004ECDE9 /* Build configuration list for PBXNativeTarget "loginFirebaseUITests" */;
			buildPhases = (
				D824D5AF217CB7E7004ECDE9 /* Sources */,
				D824D5B0217CB7E7004ECDE9 /* Frameworks */,
				D824D5B1217CB7E7004ECDE9 /* Resources */,
			);
			buildRules = (
			);
			dependencies = (
				D824D5B5217CB7E7004ECDE9 /* PBXTargetDependency */,
			);
			name = loginFirebaseUITests;
			productName = loginFirebaseUITests;
			productReference = D824D5B3217CB7E7004ECDE9 /* loginFirebaseUITests.xctest */;
			productType = "com.apple.product-type.bundle.ui-testing";
		};
/* End PBXNativeTarget section */

/* Begin PBXProject section */
		D824D58C217CB7E5004ECDE9 /* Project object */ = {
			isa = PBXProject;
			attributes = {
				LastSwiftUpdateCheck = 1000;
				LastUpgradeCheck = 1000;
				ORGANIZATIONNAME = "Nathan Ranghel";
				TargetAttributes = {
					D824D593217CB7E5004ECDE9 = {
						CreatedOnToolsVersion = 10.0;
					};
					D824D5A7217CB7E7004ECDE9 = {
						CreatedOnToolsVersion = 10.0;
						TestTargetID = D824D593217CB7E5004ECDE9;
					};
					D824D5B2217CB7E7004ECDE9 = {
						CreatedOnToolsVersion = 10.0;
						TestTargetID = D824D593217CB7E5004ECDE9;
					};
				};
			};
			buildConfigurationList = D824D58F217CB7E5004ECDE9 /* Build configuration list for PBXProject "loginFirebase" */;
			compatibilityVersion = "Xcode 9.3";
			developmentRegion = en;
			hasScannedForEncodings = 0;
			knownRegions = (
				en,
				Base,
			);
			mainGroup = D824D58B217CB7E5004ECDE9;
			productRefGroup = D824D595217CB7E5004ECDE9 /* Products */;
			projectDirPath = "";
			projectRoot = "";
			targets = (
				D824D593217CB7E5004ECDE9 /* loginFirebase */,
				D824D5A7217CB7E7004ECDE9 /* loginFirebaseTests */,
				D824D5B2217CB7E7004ECDE9 /* loginFirebaseUITests */,
			);
		};
/* End PBXProject section */

/* Begin PBXResourcesBuildPhase section */
		D824D592217CB7E5004ECDE9 /* Resources */ = {
			isa = PBXResourcesBuildPhase;
			buildActionMask = 2147483647;
			files = (
				D824D5A2217CB7E7004ECDE9 /* LaunchScreen.storyboard in Resources */,
				D824D59F217CB7E7004ECDE9 /* Assets.xcassets in Resources */,
				D824D59D217CB7E5004ECDE9 /* Main.storyboard in Resources */,
			);
			runOnlyForDeploymentPostprocessing = 0;
		};
		D824D5A6217CB7E7004ECDE9 /* Resources */ = {
			isa = PBXResourcesBuildPhase;
			buildActionMask = 2147483647;
			files = (
			);
			runOnlyForDeploymentPostprocessing = 0;
		};
		D824D5B1217CB7E7004ECDE9 /* Resources */ = {
			isa = PBXResourcesBuildPhase;
			buildActionMask = 2147483647;
			files = (
			);
			runOnlyForDeploymentPostprocessing = 0;
		};
/* End PBXResourcesBuildPhase section */

/* Begin PBXSourcesBuildPhase section */
		D824D590217CB7E5004ECDE9 /* Sources */ = {
			isa = PBXSourcesBuildPhase;
			buildActionMask = 2147483647;
			files = (
				D824D59A217CB7E5004ECDE9 /* ViewController.swift in Sources */,
				D824D598217CB7E5004ECDE9 /* AppDelegate.swift in Sources */,
			);
			runOnlyForDeploymentPostprocessing = 0;
		};
		D824D5A4217CB7E7004ECDE9 /* Sources */ = {
			isa = PBXSourcesBuildPhase;
			buildActionMask = 2147483647;
			files = (
				D824D5AD217CB7E7004ECDE9 /* loginFirebaseTests.swift in Sources */,
			);
			runOnlyForDeploymentPostprocessing = 0;
		};
		D824D5AF217CB7E7004ECDE9 /* Sources */ = {
			isa = PBXSourcesBuildPhase;
			buildActionMask = 2147483647;
			files = (
				D824D5B8217CB7E7004ECDE9 /* loginFirebaseUITests.swift in Sources */,
			);
			runOnlyForDeploymentPostprocessing = 0;
		};
/* End PBXSourcesBuildPhase section */

/* Begin PBXTargetDependency section */
		D824D5AA217CB7E7004ECDE9 /* PBXTargetDependency */ = {
			isa = PBXTargetDependency;
			target = D824D593217CB7E5004ECDE9 /* loginFirebase */;
			targetProxy = D824D5A9217CB7E7004ECDE9 /* PBXContainerItemProxy */;
		};
		D824D5B5217CB7E7004ECDE9 /* PBXTargetDependency */ = {
			isa = PBXTargetDependency;
			target = D824D593217CB7E5004ECDE9 /* loginFirebase */;
			targetProxy = D824D5B4217CB7E7004ECDE9 /* PBXContainerItemProxy */;
		};
/* End PBXTargetDependency section */

/* Begin PBXVariantGroup section */
		D824D59B217CB7E5004ECDE9 /* Main.storyboard */ = {
			isa = PBXVariantGroup;
			children = (
				D824D59C217CB7E5004ECDE9 /* Base */,
			);
			name = Main.storyboard;
			sourceTree = "<group>";
		};
		D824D5A0217CB7E7004ECDE9 /* LaunchScreen.storyboard */ = {
			isa = PBXVariantGroup;
			children = (
				D824D5A1217CB7E7004ECDE9 /* Base */,
			);
			name = LaunchScreen.storyboard;
			sourceTree = "<group>";
		};
/* End PBXVariantGroup section */

/* Begin XCBuildConfiguration section */
		D824D5BA217CB7E7004ECDE9 /* Debug */ = {
			isa = XCBuildConfiguration;
			buildSettings = {
				ALWAYS_SEARCH_USER_PATHS = NO;
				CLANG_ANALYZER_NONNULL = YES;
				CLANG_ANALYZER_NUMBER_OBJECT_CONVERSION = YES_AGGRESSIVE;
				CLANG_CXX_LANGUAGE_STANDARD = "gnu++14";
				CLANG_CXX_LIBRARY = "libc++";
				CLANG_ENABLE_MODULES = YES;
				CLANG_ENABLE_OBJC_ARC = YES;
				CLANG_ENABLE_OBJC_WEAK = YES;
				CLANG_WARN_BLOCK_CAPTURE_AUTORELEASING = YES;
				CLANG_WARN_BOOL_CONVERSION = YES;
				CLANG_WARN_COMMA = YES;
				CLANG_WARN_CONSTANT_CONVERSION = YES;
				CLANG_WARN_DEPRECATED_OBJC_IMPLEMENTATIONS = YES;
				CLANG_WARN_DIRECT_OBJC_ISA_USAGE = YES_ERROR;
				CLANG_WARN_DOCUMENTATION_COMMENTS = YES;
				CLANG_WARN_EMPTY_BODY = YES;
				CLANG_WARN_ENUM_CONVERSION = YES;
				CLANG_WARN_INFINITE_RECURSION = YES;
				CLANG_WARN_INT_CONVERSION = YES;
				CLANG_WARN_NON_LITERAL_NULL_CONVERSION = YES;
				CLANG_WARN_OBJC_IMPLICIT_RETAIN_SELF = YES;
				CLANG_WARN_OBJC_LITERAL_CONVERSION = YES;
				CLANG_WARN_OBJC_ROOT_CLASS = YES_ERROR;
				CLANG_WARN_RANGE_LOOP_ANALYSIS = YES;
				CLANG_WARN_STRICT_PROTOTYPES = YES;
				CLANG_WARN_SUSPICIOUS_MOVE = YES;
				CLANG_WARN_UNGUARDED_AVAILABILITY = YES_AGGRESSIVE;
				CLANG_WARN_UNREACHABLE_CODE = YES;
				CLANG_WARN__DUPLICATE_METHOD_MATCH = YES;
				CODE_SIGN_IDENTITY = "iPhone Developer";
				COPY_PHASE_STRIP = NO;
				DEBUG_INFORMATION_FORMAT = dwarf;
				ENABLE_STRICT_OBJC_MSGSEND = YES;
				ENABLE_TESTABILITY = YES;
				GCC_C_LANGUAGE_STANDARD = gnu11;
				GCC_DYNAMIC_NO_PIC = NO;
				GCC_NO_COMMON_BLOCKS = YES;
				GCC_OPTIMIZATION_LEVEL = 0;
				GCC_PREPROCESSOR_DEFINITIONS = (
					"DEBUG=1",
					"$(inherited)",
				);
				GCC_WARN_64_TO_32_BIT_CONVERSION = YES;
				GCC_WARN_ABOUT_RETURN_TYPE = YES_ERROR;
				GCC_WARN_UNDECLARED_SELECTOR = YES;
				GCC_WARN_UNINITIALIZED_AUTOS = YES_AGGRESSIVE;
				GCC_WARN_UNUSED_FUNCTION = YES;
				GCC_WARN_UNUSED_VARIABLE = YES;
				IPHONEOS_DEPLOYMENT_TARGET = 12.0;
				MTL_ENABLE_DEBUG_INFO = INCLUDE_SOURCE;
				MTL_FAST_MATH = YES;
				ONLY_ACTIVE_ARCH = YES;
				SDKROOT = iphoneos;
				SWIFT_ACTIVE_COMPILATION_CONDITIONS = DEBUG;
				SWIFT_OPTIMIZATION_LEVEL = "-Onone";
			};
			name = Debug;
		};
		D824D5BB217CB7E7004ECDE9 /* Release */ = {
			isa = XCBuildConfiguration;
			buildSettings = {
				ALWAYS_SEARCH_USER_PATHS = NO;
				CLANG_ANALYZER_NONNULL = YES;
				CLANG_ANALYZER_NUMBER_OBJECT_CONVERSION = YES_AGGRESSIVE;
				CLANG_CXX_LANGUAGE_STANDARD = "gnu++14";
				CLANG_CXX_LIBRARY = "libc++";
				CLANG_ENABLE_MODULES = YES;
				CLANG_ENABLE_OBJC_ARC = YES;
				CLANG_ENABLE_OBJC_WEAK = YES;
				CLANG_WARN_BLOCK_CAPTURE_AUTORELEASING = YES;
				CLANG_WARN_BOOL_CONVERSION = YES;
				CLANG_WARN_COMMA = YES;
				CLANG_WARN_CONSTANT_CONVERSION = YES;
				CLANG_WARN_DEPRECATED_OBJC_IMPLEMENTATIONS = YES;
				CLANG_WARN_DIRECT_OBJC_ISA_USAGE = YES_ERROR;
				CLANG_WARN_DOCUMENTATION_COMMENTS = YES;
				CLANG_WARN_EMPTY_BODY = YES;
				CLANG_WARN_ENUM_CONVERSION = YES;
				CLANG_WARN_INFINITE_RECURSION = YES;
				CLANG_WARN_INT_CONVERSION = YES;
				CLANG_WARN_NON_LITERAL_NULL_CONVERSION = YES;
				CLANG_WARN_OBJC_IMPLICIT_RETAIN_SELF = YES;
				CLANG_WARN_OBJC_LITERAL_CONVERSION = YES;
				CLANG_WARN_OBJC_ROOT_CLASS = YES_ERROR;
				CLANG_WARN_RANGE_LOOP_ANALYSIS = YES;
				CLANG_WARN_STRICT_PROTOTYPES = YES;
				CLANG_WARN_SUSPICIOUS_MOVE = YES;
				CLANG_WARN_UNGUARDED_AVAILABILITY = YES_AGGRESSIVE;
				CLANG_WARN_UNREACHABLE_CODE = YES;
				CLANG_WARN__DUPLICATE_METHOD_MATCH = YES;
				CODE_SIGN_IDENTITY = "iPhone Developer";
				COPY_PHASE_STRIP = NO;
				DEBUG_INFORMATION_FORMAT = "dwarf-with-dsym";
				ENABLE_NS_ASSERTIONS = NO;
				ENABLE_STRICT_OBJC_MSGSEND = YES;
				GCC_C_LANGUAGE_STANDARD = gnu11;
				GCC_NO_COMMON_BLOCKS = YES;
				GCC_WARN_64_TO_32_BIT_CONVERSION = YES;
				GCC_WARN_ABOUT_RETURN_TYPE = YES_ERROR;
				GCC_WARN_UNDECLARED_SELECTOR = YES;
				GCC_WARN_UNINITIALIZED_AUTOS = YES_AGGRESSIVE;
				GCC_WARN_UNUSED_FUNCTION = YES;
				GCC_WARN_UNUSED_VARIABLE = YES;
				IPHONEOS_DEPLOYMENT_TARGET = 12.0;
				MTL_ENABLE_DEBUG_INFO = NO;
				MTL_FAST_MATH = YES;
				SDKROOT = iphoneos;
				SWIFT_COMPILATION_MODE = wholemodule;
				SWIFT_OPTIMIZATION_LEVEL = "-O";
				VALIDATE_PRODUCT = YES;
			};
			name = Release;
		};
		D824D5BD217CB7E7004ECDE9 /* Debug */ = {
			isa = XCBuildConfiguration;
			buildSettings = {
				ASSETCATALOG_COMPILER_APPICON_NAME = AppIcon;
				CODE_SIGN_STYLE = Automatic;
				DEVELOPMENT_TEAM = GZ968V68HZ;
				INFOPLIST_FILE = loginFirebase/Info.plist;
				LD_RUNPATH_SEARCH_PATHS = (
					"$(inherited)",
					"@executable_path/Frameworks",
				);
				PRODUCT_BUNDLE_IDENTIFIER = com.zapiti.loginFirebase;
				PRODUCT_NAME = "$(TARGET_NAME)";
				SWIFT_VERSION = 4.2;
				TARGETED_DEVICE_FAMILY = "1,2";
			};
			name = Debug;
		};
		D824D5BE217CB7E7004ECDE9 /* Release */ = {
			isa = XCBuildConfiguration;
			buildSettings = {
				ASSETCATALOG_COMPILER_APPICON_NAME = AppIcon;
				CODE_SIGN_STYLE = Automatic;
				DEVELOPMENT_TEAM = GZ968V68HZ;
				INFOPLIST_FILE = loginFirebase/Info.plist;
				LD_RUNPATH_SEARCH_PATHS = (
					"$(inherited)",
					"@executable_path/Frameworks",
				);
				PRODUCT_BUNDLE_IDENTIFIER = com.zapiti.loginFirebase;
				PRODUCT_NAME = "$(TARGET_NAME)";
				SWIFT_VERSION = 4.2;
				TARGETED_DEVICE_FAMILY = "1,2";
			};
			name = Release;
		};
		D824D5C0217CB7E7004ECDE9 /* Debug */ = {
			isa = XCBuildConfiguration;
			buildSettings = {
				ALWAYS_EMBED_SWIFT_STANDARD_LIBRARIES = YES;
				BUNDLE_LOADER = "$(TEST_HOST)";
				CODE_SIGN_STYLE = Automatic;
				DEVELOPMENT_TEAM = GZ968V68HZ;
				INFOPLIST_FILE = loginFirebaseTests/Info.plist;
				LD_RUNPATH_SEARCH_PATHS = (
					"$(inherited)",
					"@executable_path/Frameworks",
					"@loader_path/Frameworks",
				);
				PRODUCT_BUNDLE_IDENTIFIER = com.zapiti.loginFirebaseTests;
				PRODUCT_NAME = "$(TARGET_NAME)";
				SWIFT_VERSION = 4.2;
				TARGETED_DEVICE_FAMILY = "1,2";
				TEST_HOST = "$(BUILT_PRODUCTS_DIR)/loginFirebase.app/loginFirebase";
			};
			name = Debug;
		};
		D824D5C1217CB7E7004ECDE9 /* Release */ = {
			isa = XCBuildConfiguration;
			buildSettings = {
				ALWAYS_EMBED_SWIFT_STANDARD_LIBRARIES = YES;
				BUNDLE_LOADER = "$(TEST_HOST)";
				CODE_SIGN_STYLE = Automatic;
				DEVELOPMENT_TEAM = GZ968V68HZ;
				INFOPLIST_FILE = loginFirebaseTests/Info.plist;
				LD_RUNPATH_SEARCH_PATHS = (
					"$(inherited)",
					"@executable_path/Frameworks",
					"@loader_path/Frameworks",
				);
				PRODUCT_BUNDLE_IDENTIFIER = com.zapiti.loginFirebaseTests;
				PRODUCT_NAME = "$(TARGET_NAME)";
				SWIFT_VERSION = 4.2;
				TARGETED_DEVICE_FAMILY = "1,2";
				TEST_HOST = "$(BUILT_PRODUCTS_DIR)/loginFirebase.app/loginFirebase";
			};
			name = Release;
		};
		D824D5C3217CB7E7004ECDE9 /* Debug */ = {
			isa = XCBuildConfiguration;
			buildSettings = {
				ALWAYS_EMBED_SWIFT_STANDARD_LIBRARIES = YES;
				CODE_SIGN_STYLE = Automatic;
				DEVELOPMENT_TEAM = GZ968V68HZ;
				INFOPLIST_FILE = loginFirebaseUITests/Info.plist;
				LD_RUNPATH_SEARCH_PATHS = (
					"$(inherited)",
					"@executable_path/Frameworks",
					"@loader_path/Frameworks",
				);
				PRODUCT_BUNDLE_IDENTIFIER = com.zapiti.loginFirebaseUITests;
				PRODUCT_NAME = "$(TARGET_NAME)";
				SWIFT_VERSION = 4.2;
				TARGETED_DEVICE_FAMILY = "1,2";
				TEST_TARGET_NAME = loginFirebase;
			};
			name = Debug;
		};
		D824D5C4217CB7E7004ECDE9 /* Release */ = {
			isa = XCBuildConfiguration;
			buildSettings = {
				ALWAYS_EMBED_SWIFT_STANDARD_LIBRARIES = YES;
				CODE_SIGN_STYLE = Automatic;
				DEVELOPMENT_TEAM = GZ968V68HZ;
				INFOPLIST_FILE = loginFirebaseUITests/Info.plist;
				LD_RUNPATH_SEARCH_PATHS = (
					"$(inherited)",
					"@executable_path/Frameworks",
					"@loader_path/Frameworks",
				);
				PRODUCT_BUNDLE_IDENTIFIER = com.zapiti.loginFirebaseUITests;
				PRODUCT_NAME = "$(TARGET_NAME)";
				SWIFT_VERSION = 4.2;
				TARGETED_DEVICE_FAMILY = "1,2";
				TEST_TARGET_NAME = loginFirebase;
			};
			name = Release;
		};
/* End XCBuildConfiguration section */

/* Begin XCConfigurationList section */
		D824D58F217CB7E5004ECDE9 /* Build configuration list for PBXProject "loginFirebase" */ = {
			isa = XCConfigurationList;
			buildConfigurations = (
				D824D5BA217CB7E7004ECDE9 /* Debug */,
				D824D5BB217CB7E7004ECDE9 /* Release */,
			);
			defaultConfigurationIsVisible = 0;
			defaultConfigurationName = Release;
		};
		D824D5BC217CB7E7004ECDE9 /* Build configuration list for PBXNativeTarget "loginFirebase" */ = {
			isa = XCConfigurationList;
			buildConfigurations = (
				D824D5BD217CB7E7004ECDE9 /* Debug */,
				D824D5BE217CB7E7004ECDE9 /* Release */,
			);
			defaultConfigurationIsVisible = 0;
			defaultConfigurationName = Release;
		};
		D824D5BF217CB7E7004ECDE9 /* Build configuration list for PBXNativeTarget "loginFirebaseTests" */ = {
			isa = XCConfigurationList;
			buildConfigurations = (
				D824D5C0217CB7E7004ECDE9 /* Debug */,
				D824D5C1217CB7E7004ECDE9 /* Release */,
			);
			defaultConfigurationIsVisible = 0;
			defaultConfigurationName = Release;
		};
		D824D5C2217CB7E7004ECDE9 /* Build configuration list for PBXNativeTarget "loginFirebaseUITests" */ = {
			isa = XCConfigurationList;
			buildConfigurations = (
				D824D5C3217CB7E7004ECDE9 /* Debug */,
				D824D5C4217CB7E7004ECDE9 /* Release */,
			);
			defaultConfigurationIsVisible = 0;
			defaultConfigurationName = Release;
		};
/* End XCConfigurationList section */
	};
	rootObject = D824D58C217CB7E5004ECDE9 /* Project object */;
}
